
Microsoft Visual Studio Solution File, Format Version 12.00
# Visual Studio Version 17
VisualStudioVersion = 17.8.34309.116
MinimumVisualStudioVersion = 10.0.40219.1
Project("{8BC9CEB8-8B4A-11D0-8D11-00A0C91BC942}") = "TMmodule", "TMmodule.vcxproj", "{746F8424-17FD-43A0-8256-7438CAFCC6AC}"
EndProject
Global
	GlobalSection(SolutionConfigurationPlatforms) = preSolution
		Debug|ARM = Debug|ARM
		Debug|ARM64 = Debug|ARM64
		Release|ARM = Release|ARM
		Release|ARM64 = Release|ARM64
	EndGlobalSection
	GlobalSection(ProjectConfigurationPlatforms) = postSolution
		{746F8424-17FD-43A0-8256-7438CAFCC6AC}.Debug|ARM.ActiveCfg = Debug|ARM
		{746F8424-17FD-43A0-8256-7438CAFCC6AC}.Debug|ARM.Build.0 = Debug|ARM
		{746F8424-17FD-43A0-8256-7438CAFCC6AC}.Debug|ARM.Deploy.0 = Debug|ARM
		{746F8424-17FD-43A0-8256-7438CAFCC6AC}.Debug|ARM64.ActiveCfg = Debug|ARM64
		{746F8424-17FD-43A0-8256-7438CAFCC6AC}.Debug|ARM64.Build.0 = Debug|ARM64
		{746F8424-17FD-43A0-8256-7438CAFCC6AC}.Debug|ARM64.Deploy.0 = Debug|ARM64
		{746F8424-17FD-43A0-8256-7438CAFCC6AC}.Release|ARM.ActiveCfg = Release|ARM
		{746F8424-17FD-43A0-8256-7438CAFCC6AC}.Release|ARM.Build.0 = Release|ARM
		{746F8424-17FD-43A0-8256-7438CAFCC6AC}.Release|ARM.Deploy.0 = Release|ARM
		{746F8424-17FD-43A0-8256-7438CAFCC6AC}.Release|ARM64.ActiveCfg = Release|ARM64
		{746F8424-17FD-43A0-8256-7438CAFCC6AC}.Release|ARM64.Build.0 = Release|ARM64
		{746F8424-17FD-43A0-8256-7438CAFCC6AC}.Release|ARM64.Deploy.0 = Release|ARM64
	EndGlobalSection
	GlobalSection(SolutionProperties) = preSolution
		HideSolutionNode = FALSE
	EndGlobalSection
	GlobalSection(ExtensibilityGlobals) = postSolution
		SolutionGuid = {6D243D36-677D-4003-B81A-19C7B5CCF4A3}
	EndGlobalSection
EndGlobal
