
Microsoft Visual Studio Solution File, Format Version 12.00
# Visual Studio 15
VisualStudioVersion = 15.0.27428.2037
MinimumVisualStudioVersion = 10.0.40219.1
Project("{FAE04EC0-301F-11D3-BF4B-00C04F79EFBC}") = "TempMonitor", "TempMonitor\TempMonitor.csproj", "{FF1EC63D-48F7-46F8-A515-98E39B78259A}"
EndProject
Global
	GlobalSection(SolutionConfigurationPlatforms) = preSolution
		Debug|Any CPU = Debug|Any CPU
		Release|Any CPU = Release|Any CPU
	EndGlobalSection
	GlobalSection(ProjectConfigurationPlatforms) = postSolution
		{FF1EC63D-48F7-46F8-A515-98E39B78259A}.Debug|Any CPU.ActiveCfg = Debug|Any CPU
		{FF1EC63D-48F7-46F8-A515-98E39B78259A}.Debug|Any CPU.Build.0 = Debug|Any CPU
		{FF1EC63D-48F7-46F8-A515-98E39B78259A}.Release|Any CPU.ActiveCfg = Release|Any CPU
		{FF1EC63D-48F7-46F8-A515-98E39B78259A}.Release|Any CPU.Build.0 = Release|Any CPU
	EndGlobalSection
	GlobalSection(SolutionProperties) = preSolution
		HideSolutionNode = FALSE
	EndGlobalSection
	GlobalSection(ExtensibilityGlobals) = postSolution
		SolutionGuid = {5497BFC9-84D4-4D19-ACFD-F8C72B95BBDD}
	EndGlobalSection
EndGlobal
